{
  "pins" : [
    {
      "identity" : "zenavatar",
      "kind" : "remoteSourceControl",
      "location" : "https://github.com/jakub-kalamarz/ZenAvatar.git",
      "state" : {
        "revision" : "a12c5e4de4371c7e9cdf8a30308d49b965c66896",
        "version" : "2.0.0"
      }
    }
  ],
  "version" : 2
}
