{
  "pins" : [
    {
      "identity" : "zenavatar",
      "kind" : "remoteSourceControl",
      "location" : "https://github.com/jakub-kalamarz/ZenAvatar.git",
      "state" : {
        "revision" : "fde9b264f5b98a2216382a59b9ce5dce6dc392f6",
        "version" : "1.1.0"
      }
    }
  ],
  "version" : 2
}
